
Microsoft Visual Studio Solution File, Format Version 12.00
# Visual Studio Version 16
VisualStudioVersion = 16.0.31321.278
MinimumVisualStudioVersion = 10.0.40219.1
Project("{2150E333-8FDC-42A3-9474-1A3956D46DE8}") = "WebAPI", "WebAPI", "{D53758E0-2CCD-4665-8918-0973B3B81ED9}"
EndProject
Project("{FAE04EC0-301F-11D3-BF4B-00C04F79EFBC}") = "Salfor.API", "Salfor.API\Salfor.API.csproj", "{7EEBAC3D-48FB-48C6-BE0F-CBE65814E5CD}"
EndProject
Project("{FAE04EC0-301F-11D3-BF4B-00C04F79EFBC}") = "Salfor.Core", "Salfor.Core\Salfor.Core.csproj", "{DD4D1FF8-A25A-4A2F-818A-630485FE7C20}"
EndProject
Global
	GlobalSection(SolutionConfigurationPlatforms) = preSolution
		Debug|Any CPU = Debug|Any CPU
		Release|Any CPU = Release|Any CPU
	EndGlobalSection
	GlobalSection(ProjectConfigurationPlatforms) = postSolution
		{7EEBAC3D-48FB-48C6-BE0F-CBE65814E5CD}.Debug|Any CPU.ActiveCfg = Debug|Any CPU
		{7EEBAC3D-48FB-48C6-BE0F-CBE65814E5CD}.Debug|Any CPU.Build.0 = Debug|Any CPU
		{7EEBAC3D-48FB-48C6-BE0F-CBE65814E5CD}.Release|Any CPU.ActiveCfg = Release|Any CPU
		{7EEBAC3D-48FB-48C6-BE0F-CBE65814E5CD}.Release|Any CPU.Build.0 = Release|Any CPU
		{DD4D1FF8-A25A-4A2F-818A-630485FE7C20}.Debug|Any CPU.ActiveCfg = Debug|Any CPU
		{DD4D1FF8-A25A-4A2F-818A-630485FE7C20}.Debug|Any CPU.Build.0 = Debug|Any CPU
		{DD4D1FF8-A25A-4A2F-818A-630485FE7C20}.Release|Any CPU.ActiveCfg = Release|Any CPU
		{DD4D1FF8-A25A-4A2F-818A-630485FE7C20}.Release|Any CPU.Build.0 = Release|Any CPU
	EndGlobalSection
	GlobalSection(SolutionProperties) = preSolution
		HideSolutionNode = FALSE
	EndGlobalSection
	GlobalSection(NestedProjects) = preSolution
		{7EEBAC3D-48FB-48C6-BE0F-CBE65814E5CD} = {D53758E0-2CCD-4665-8918-0973B3B81ED9}
		{DD4D1FF8-A25A-4A2F-818A-630485FE7C20} = {D53758E0-2CCD-4665-8918-0973B3B81ED9}
	EndGlobalSection
	GlobalSection(ExtensibilityGlobals) = postSolution
		SolutionGuid = {94FB467A-39A1-4210-831F-F0CD29102432}
	EndGlobalSection
EndGlobal
